
Microsoft Visual Studio Solution File, Format Version 12.00
# Visual Studio Version 17
VisualStudioVersion = 17.0.31903.59
MinimumVisualStudioVersion = 10.0.40219.1
Project("{888888A0-9F3D-457C-B088-3A5042F75D52}") = "PythonParcerHHru", "PythonParcerHHru\PythonParcerHHru.pyproj", "{8923CA54-12A7-4898-8E56-70FCC2BBDEF1}"
EndProject
Global
	GlobalSection(SolutionConfigurationPlatforms) = preSolution
		Debug|Any CPU = Debug|Any CPU
		Release|Any CPU = Release|Any CPU
	EndGlobalSection
	GlobalSection(ProjectConfigurationPlatforms) = postSolution
		{8923CA54-12A7-4898-8E56-70FCC2BBDEF1}.Debug|Any CPU.ActiveCfg = Debug|Any CPU
		{8923CA54-12A7-4898-8E56-70FCC2BBDEF1}.Release|Any CPU.ActiveCfg = Release|Any CPU
	EndGlobalSection
	GlobalSection(SolutionProperties) = preSolution
		HideSolutionNode = FALSE
	EndGlobalSection
	GlobalSection(ExtensibilityGlobals) = postSolution
		SolutionGuid = {3D6FAEAF-F80A-4571-8707-B5C5A6632D2A}
	EndGlobalSection
EndGlobal
